
Microsoft Visual Studio Solution File, Format Version 12.00
# Visual Studio 15
VisualStudioVersion = 15.0.26228.9
MinimumVisualStudioVersion = 10.0.40219.1
Project("{FAE04EC0-301F-11D3-BF4B-00C04F79EFBC}") = "BasicBot", "Bots\BasicBot\BasicBot.csproj", "{CAA49A89-9249-4070-AD0D-2E1A42CB4602}"
EndProject
Project("{FAE04EC0-301F-11D3-BF4B-00C04F79EFBC}") = "Bot-Luis", "Bots\Bot-Luis\Bot-Luis.csproj", "{636CBD79-AF50-4F0B-8AB4-9ED752125A54}"
EndProject
Project("{FAE04EC0-301F-11D3-BF4B-00C04F79EFBC}") = "CoderBot", "Bots\CoderBot\CoderBot.csproj", "{D041CB39-8485-4149-8EB6-47A5B1F51A3F}"
EndProject
Project("{FAE04EC0-301F-11D3-BF4B-00C04F79EFBC}") = "IntelligenceBot", "Bots\IntelligenceBot\IntelligenceBot.csproj", "{882F797A-447E-4657-98F8-F2605A8CFD97}"
EndProject
Project("{FAE04EC0-301F-11D3-BF4B-00C04F79EFBC}") = "MultiDialog", "Bots\MultiDialog\MultiDialog.csproj", "{A8BA1066-5695-4D71-ABB4-65E5A5E0C3D4}"
EndProject
Project("{FAE04EC0-301F-11D3-BF4B-00C04F79EFBC}") = "TokoBot", "Bots\TokoBot\TokoBot.csproj", "{5676A9D9-2103-4003-A802-04B21737A8FC}"
EndProject
Global
	GlobalSection(SolutionConfigurationPlatforms) = preSolution
		Debug|Any CPU = Debug|Any CPU
		Release|Any CPU = Release|Any CPU
	EndGlobalSection
	GlobalSection(ProjectConfigurationPlatforms) = postSolution
		{CAA49A89-9249-4070-AD0D-2E1A42CB4602}.Debug|Any CPU.ActiveCfg = Debug|Any CPU
		{CAA49A89-9249-4070-AD0D-2E1A42CB4602}.Debug|Any CPU.Build.0 = Debug|Any CPU
		{CAA49A89-9249-4070-AD0D-2E1A42CB4602}.Release|Any CPU.ActiveCfg = Release|Any CPU
		{CAA49A89-9249-4070-AD0D-2E1A42CB4602}.Release|Any CPU.Build.0 = Release|Any CPU
		{636CBD79-AF50-4F0B-8AB4-9ED752125A54}.Debug|Any CPU.ActiveCfg = Debug|Any CPU
		{636CBD79-AF50-4F0B-8AB4-9ED752125A54}.Debug|Any CPU.Build.0 = Debug|Any CPU
		{636CBD79-AF50-4F0B-8AB4-9ED752125A54}.Release|Any CPU.ActiveCfg = Release|Any CPU
		{636CBD79-AF50-4F0B-8AB4-9ED752125A54}.Release|Any CPU.Build.0 = Release|Any CPU
		{D041CB39-8485-4149-8EB6-47A5B1F51A3F}.Debug|Any CPU.ActiveCfg = Debug|Any CPU
		{D041CB39-8485-4149-8EB6-47A5B1F51A3F}.Debug|Any CPU.Build.0 = Debug|Any CPU
		{D041CB39-8485-4149-8EB6-47A5B1F51A3F}.Release|Any CPU.ActiveCfg = Release|Any CPU
		{D041CB39-8485-4149-8EB6-47A5B1F51A3F}.Release|Any CPU.Build.0 = Release|Any CPU
		{882F797A-447E-4657-98F8-F2605A8CFD97}.Debug|Any CPU.ActiveCfg = Debug|Any CPU
		{882F797A-447E-4657-98F8-F2605A8CFD97}.Debug|Any CPU.Build.0 = Debug|Any CPU
		{882F797A-447E-4657-98F8-F2605A8CFD97}.Release|Any CPU.ActiveCfg = Release|Any CPU
		{882F797A-447E-4657-98F8-F2605A8CFD97}.Release|Any CPU.Build.0 = Release|Any CPU
		{A8BA1066-5695-4D71-ABB4-65E5A5E0C3D4}.Debug|Any CPU.ActiveCfg = Debug|Any CPU
		{A8BA1066-5695-4D71-ABB4-65E5A5E0C3D4}.Debug|Any CPU.Build.0 = Debug|Any CPU
		{A8BA1066-5695-4D71-ABB4-65E5A5E0C3D4}.Release|Any CPU.ActiveCfg = Release|Any CPU
		{A8BA1066-5695-4D71-ABB4-65E5A5E0C3D4}.Release|Any CPU.Build.0 = Release|Any CPU
		{5676A9D9-2103-4003-A802-04B21737A8FC}.Debug|Any CPU.ActiveCfg = Debug|Any CPU
		{5676A9D9-2103-4003-A802-04B21737A8FC}.Debug|Any CPU.Build.0 = Debug|Any CPU
		{5676A9D9-2103-4003-A802-04B21737A8FC}.Release|Any CPU.ActiveCfg = Release|Any CPU
		{5676A9D9-2103-4003-A802-04B21737A8FC}.Release|Any CPU.Build.0 = Release|Any CPU
	EndGlobalSection
	GlobalSection(SolutionProperties) = preSolution
		HideSolutionNode = FALSE
	EndGlobalSection
EndGlobal
